
Microsoft Visual Studio Solution File, Format Version 12.00
# Visual Studio Version 17
VisualStudioVersion = 17.0.31717.71
MinimumVisualStudioVersion = 10.0.40219.1
Project("{2150E333-8FDC-42A3-9474-1A3956D46DE8}") = "src", "src", "{CC24B6BB-6170-4338-93B3-5429F201E5E1}"
EndProject
Project("{2150E333-8FDC-42A3-9474-1A3956D46DE8}") = "Services", "Services", "{833B03E2-D843-4265-81F1-E9B0DD3DEA0F}"
EndProject
Project("{2150E333-8FDC-42A3-9474-1A3956D46DE8}") = "Account", "Account", "{9531E291-0DAD-4CB9-B62C-C03436EED0E0}"
EndProject
Project("{9A19103F-16F7-4668-BE54-9A1E7A4F7556}") = "Account.API", "src\Services\Account\Account.API\Account.API.csproj", "{DD4D505E-D5AC-45BB-9A41-9F2B55582A48}"
EndProject
Project("{9A19103F-16F7-4668-BE54-9A1E7A4F7556}") = "Account.FunctionalTests", "src\Services\Account\Account.FunctionalTests\Account.FunctionalTests.csproj", "{E22CF96B-5B06-4417-9CD5-A14110D78998}"
EndProject
Project("{9A19103F-16F7-4668-BE54-9A1E7A4F7556}") = "Account.UnitTests", "src\Services\Account\Account.UnitTests\Account.UnitTests.csproj", "{7BC6BFED-2C52-4D3D-8DFE-B0A34B8FC310}"
EndProject
Project("{2150E333-8FDC-42A3-9474-1A3956D46DE8}") = "Contact", "Contact", "{CDBEB449-803E-4D43-8609-3C78FA4A22A5}"
EndProject
Project("{9A19103F-16F7-4668-BE54-9A1E7A4F7556}") = "Contact.API", "src\Services\Contact\Contact.API\Contact.API.csproj", "{D54101BF-50E4-4090-BCC2-1EC94951467F}"
EndProject
Project("{9A19103F-16F7-4668-BE54-9A1E7A4F7556}") = "Contact.FunctionalTests", "src\Services\Contact\Contact.FunctionalTests\Contact.FunctionalTests.csproj", "{F1768470-61A4-45A8-8A0F-23891589D6B1}"
EndProject
Project("{9A19103F-16F7-4668-BE54-9A1E7A4F7556}") = "Contact.UnitTests", "src\Services\Contact\Contact.UnitTests\Contact.UnitTests.csproj", "{A0B27C09-A9FF-4E94-A567-A07208A1A6F1}"
EndProject
Project("{2150E333-8FDC-42A3-9474-1A3956D46DE8}") = "Download", "Download", "{2BC65B61-40E1-4734-BC59-25195FBEC633}"
EndProject
Project("{9A19103F-16F7-4668-BE54-9A1E7A4F7556}") = "Download.API", "src\Services\Download\Download.API\Download.API.csproj", "{E1D3CEBE-008E-4200-B9E6-92DC92F35CAB}"
EndProject
Project("{2150E333-8FDC-42A3-9474-1A3956D46DE8}") = "File", "File", "{577B13A0-21B2-4972-9FB8-4ECB6300C3A2}"
EndProject
Project("{9A19103F-16F7-4668-BE54-9A1E7A4F7556}") = "File.API", "src\Services\File\File.API\File.API.csproj", "{A37E1201-BB5D-4323-BB09-B063320A8801}"
EndProject
Project("{9A19103F-16F7-4668-BE54-9A1E7A4F7556}") = "File.Domain", "src\Services\File\File.Domain\File.Domain.csproj", "{499EC93F-9205-4DEC-87AB-EF1EF8A2B724}"
EndProject
Project("{9A19103F-16F7-4668-BE54-9A1E7A4F7556}") = "File.Infrastructure", "src\Services\File\File.Infrastructure\File.Infrastructure.csproj", "{A0378035-7EBD-4D99-A05C-EC7339728B65}"
EndProject
Project("{2150E333-8FDC-42A3-9474-1A3956D46DE8}") = "Identity", "Identity", "{62049E42-CA8D-4054-87DB-52ECF3F6E2BD}"
EndProject
Project("{9A19103F-16F7-4668-BE54-9A1E7A4F7556}") = "Identity.Administration", "src\Services\Identity\Identity.Administration\Identity.Administration.csproj", "{A02DFD85-50A0-4F4A-8ED2-15BCD4ABA204}"
EndProject
Project("{9A19103F-16F7-4668-BE54-9A1E7A4F7556}") = "Identity.API", "src\Services\Identity\Identity.API\Identity.API.csproj", "{63FB279E-E990-429C-ADCE-6008BF8461C7}"
EndProject
Project("{2150E333-8FDC-42A3-9474-1A3956D46DE8}") = "Message", "Message", "{FFD65418-6275-4792-985A-C71CEDC3EEAF}"
EndProject
Project("{9A19103F-16F7-4668-BE54-9A1E7A4F7556}") = "Message.API", "src\Services\Message\Message.API\Message.API.csproj", "{6BB08C2E-0B97-4A56-ACF7-195F8D35910B}"
EndProject
Project("{2150E333-8FDC-42A3-9474-1A3956D46DE8}") = "Upload", "Upload", "{9FF064A3-9E6C-4781-84B6-26BCAE865BB8}"
EndProject
Project("{9A19103F-16F7-4668-BE54-9A1E7A4F7556}") = "Upload.API", "src\Services\Upload\Upload.API\Upload.API.csproj", "{EBC31B27-C62A-4BE8-8662-AA48583619AD}"
EndProject
Project("{2150E333-8FDC-42A3-9474-1A3956D46DE8}") = "Solution Items", "Solution Items", "{BCC090A7-6B59-4389-ABEF-B5CDA14AEB1C}"
	ProjectSection(SolutionItems) = preProject
		docker-compose.efk.yml = docker-compose.efk.yml
		docker-compose.yml = docker-compose.yml
		NuGet.config = NuGet.config
	EndProjectSection
EndProject
Project("{2150E333-8FDC-42A3-9474-1A3956D46DE8}") = "Web", "Web", "{C4EE46DB-8889-4672-8FD2-C2816BD7AFB7}"
EndProject
Project("{2150E333-8FDC-42A3-9474-1A3956D46DE8}") = "Chat", "Chat", "{F278ECB8-58AD-4693-9AEB-DF2836140A4C}"
EndProject
Project("{9A19103F-16F7-4668-BE54-9A1E7A4F7556}") = "Chat.API", "src\Services\Chat\Chat.API\Chat.API.csproj", "{4527E7E7-F118-4052-B59E-D98C80175562}"
EndProject
Project("{9A19103F-16F7-4668-BE54-9A1E7A4F7556}") = "Contact.SignalrHub", "src\Services\Contact\Contact.SignalrHub\Contact.SignalrHub.csproj", "{AFDF3691-5C6C-4303-8A35-0CFAFC7957A7}"
EndProject
Project("{2150E333-8FDC-42A3-9474-1A3956D46DE8}") = "BuildingBlocks", "BuildingBlocks", "{50DC76B1-7C0F-48C4-9337-EE686377F549}"
EndProject
Project("{2150E333-8FDC-42A3-9474-1A3956D46DE8}") = "EventBus", "EventBus", "{693A1062-CDEE-4AFA-A807-4D02DB8B3B53}"
EndProject
Project("{9A19103F-16F7-4668-BE54-9A1E7A4F7556}") = "CommandBus", "src\BuildingBlocks\EventBus\CommandBus\CommandBus.csproj", "{FEE7776B-86BE-408A-B5C3-2428F1B8B78E}"
EndProject
Project("{9A19103F-16F7-4668-BE54-9A1E7A4F7556}") = "EventBus", "src\BuildingBlocks\EventBus\EventBus\EventBus.csproj", "{4E6E0B05-80FD-4755-9AE9-0C38858126AE}"
EndProject
Project("{9A19103F-16F7-4668-BE54-9A1E7A4F7556}") = "EventBusRabbitMQ", "src\BuildingBlocks\EventBus\EventBusRabbitMQ\EventBusRabbitMQ.csproj", "{CFEDD181-7257-43D6-AF5E-F0997F632FC4}"
EndProject
Project("{9A19103F-16F7-4668-BE54-9A1E7A4F7556}") = "EventBusServiceBus", "src\BuildingBlocks\EventBus\EventBusServiceBus\EventBusServiceBus.csproj", "{2FAE6766-BD00-45AA-A576-EBB717A61E21}"
EndProject
Project("{9A19103F-16F7-4668-BE54-9A1E7A4F7556}") = "IntegrationEventLogEF", "src\BuildingBlocks\EventBus\IntegrationEventLogEF\IntegrationEventLogEF.csproj", "{F4589679-9EE1-476B-9D7B-2A99D11363DE}"
EndProject
Project("{9A19103F-16F7-4668-BE54-9A1E7A4F7556}") = "EventBus.Tests", "src\BuildingBlocks\EventBus\EventBus.Tests\EventBus.Tests.csproj", "{D975C1C0-7D26-409C-BEF9-CB708F96D40F}"
EndProject
Project("{9A19103F-16F7-4668-BE54-9A1E7A4F7556}") = "WebMVC", "src\Web\WebMVC\WebMVC.csproj", "{6A47FD89-A001-488F-B841-5F99FFF5FC1F}"
EndProject
Global
	GlobalSection(SolutionConfigurationPlatforms) = preSolution
		Debug|Any CPU = Debug|Any CPU
		Release|Any CPU = Release|Any CPU
	EndGlobalSection
	GlobalSection(ProjectConfigurationPlatforms) = postSolution
		{DD4D505E-D5AC-45BB-9A41-9F2B55582A48}.Debug|Any CPU.ActiveCfg = Debug|Any CPU
		{DD4D505E-D5AC-45BB-9A41-9F2B55582A48}.Debug|Any CPU.Build.0 = Debug|Any CPU
		{DD4D505E-D5AC-45BB-9A41-9F2B55582A48}.Release|Any CPU.ActiveCfg = Release|Any CPU
		{DD4D505E-D5AC-45BB-9A41-9F2B55582A48}.Release|Any CPU.Build.0 = Release|Any CPU
		{E22CF96B-5B06-4417-9CD5-A14110D78998}.Debug|Any CPU.ActiveCfg = Debug|Any CPU
		{E22CF96B-5B06-4417-9CD5-A14110D78998}.Debug|Any CPU.Build.0 = Debug|Any CPU
		{E22CF96B-5B06-4417-9CD5-A14110D78998}.Release|Any CPU.ActiveCfg = Release|Any CPU
		{E22CF96B-5B06-4417-9CD5-A14110D78998}.Release|Any CPU.Build.0 = Release|Any CPU
		{7BC6BFED-2C52-4D3D-8DFE-B0A34B8FC310}.Debug|Any CPU.ActiveCfg = Debug|Any CPU
		{7BC6BFED-2C52-4D3D-8DFE-B0A34B8FC310}.Debug|Any CPU.Build.0 = Debug|Any CPU
		{7BC6BFED-2C52-4D3D-8DFE-B0A34B8FC310}.Release|Any CPU.ActiveCfg = Release|Any CPU
		{7BC6BFED-2C52-4D3D-8DFE-B0A34B8FC310}.Release|Any CPU.Build.0 = Release|Any CPU
		{D54101BF-50E4-4090-BCC2-1EC94951467F}.Debug|Any CPU.ActiveCfg = Debug|Any CPU
		{D54101BF-50E4-4090-BCC2-1EC94951467F}.Debug|Any CPU.Build.0 = Debug|Any CPU
		{D54101BF-50E4-4090-BCC2-1EC94951467F}.Release|Any CPU.ActiveCfg = Release|Any CPU
		{D54101BF-50E4-4090-BCC2-1EC94951467F}.Release|Any CPU.Build.0 = Release|Any CPU
		{F1768470-61A4-45A8-8A0F-23891589D6B1}.Debug|Any CPU.ActiveCfg = Debug|Any CPU
		{F1768470-61A4-45A8-8A0F-23891589D6B1}.Debug|Any CPU.Build.0 = Debug|Any CPU
		{F1768470-61A4-45A8-8A0F-23891589D6B1}.Release|Any CPU.ActiveCfg = Release|Any CPU
		{F1768470-61A4-45A8-8A0F-23891589D6B1}.Release|Any CPU.Build.0 = Release|Any CPU
		{A0B27C09-A9FF-4E94-A567-A07208A1A6F1}.Debug|Any CPU.ActiveCfg = Debug|Any CPU
		{A0B27C09-A9FF-4E94-A567-A07208A1A6F1}.Debug|Any CPU.Build.0 = Debug|Any CPU
		{A0B27C09-A9FF-4E94-A567-A07208A1A6F1}.Release|Any CPU.ActiveCfg = Release|Any CPU
		{A0B27C09-A9FF-4E94-A567-A07208A1A6F1}.Release|Any CPU.Build.0 = Release|Any CPU
		{E1D3CEBE-008E-4200-B9E6-92DC92F35CAB}.Debug|Any CPU.ActiveCfg = Debug|Any CPU
		{E1D3CEBE-008E-4200-B9E6-92DC92F35CAB}.Debug|Any CPU.Build.0 = Debug|Any CPU
		{E1D3CEBE-008E-4200-B9E6-92DC92F35CAB}.Release|Any CPU.ActiveCfg = Release|Any CPU
		{E1D3CEBE-008E-4200-B9E6-92DC92F35CAB}.Release|Any CPU.Build.0 = Release|Any CPU
		{A37E1201-BB5D-4323-BB09-B063320A8801}.Debug|Any CPU.ActiveCfg = Debug|Any CPU
		{A37E1201-BB5D-4323-BB09-B063320A8801}.Debug|Any CPU.Build.0 = Debug|Any CPU
		{A37E1201-BB5D-4323-BB09-B063320A8801}.Release|Any CPU.ActiveCfg = Release|Any CPU
		{A37E1201-BB5D-4323-BB09-B063320A8801}.Release|Any CPU.Build.0 = Release|Any CPU
		{499EC93F-9205-4DEC-87AB-EF1EF8A2B724}.Debug|Any CPU.ActiveCfg = Debug|Any CPU
		{499EC93F-9205-4DEC-87AB-EF1EF8A2B724}.Debug|Any CPU.Build.0 = Debug|Any CPU
		{499EC93F-9205-4DEC-87AB-EF1EF8A2B724}.Release|Any CPU.ActiveCfg = Release|Any CPU
		{499EC93F-9205-4DEC-87AB-EF1EF8A2B724}.Release|Any CPU.Build.0 = Release|Any CPU
		{A0378035-7EBD-4D99-A05C-EC7339728B65}.Debug|Any CPU.ActiveCfg = Debug|Any CPU
		{A0378035-7EBD-4D99-A05C-EC7339728B65}.Debug|Any CPU.Build.0 = Debug|Any CPU
		{A0378035-7EBD-4D99-A05C-EC7339728B65}.Release|Any CPU.ActiveCfg = Release|Any CPU
		{A0378035-7EBD-4D99-A05C-EC7339728B65}.Release|Any CPU.Build.0 = Release|Any CPU
		{A02DFD85-50A0-4F4A-8ED2-15BCD4ABA204}.Debug|Any CPU.ActiveCfg = Debug|Any CPU
		{A02DFD85-50A0-4F4A-8ED2-15BCD4ABA204}.Debug|Any CPU.Build.0 = Debug|Any CPU
		{A02DFD85-50A0-4F4A-8ED2-15BCD4ABA204}.Release|Any CPU.ActiveCfg = Release|Any CPU
		{A02DFD85-50A0-4F4A-8ED2-15BCD4ABA204}.Release|Any CPU.Build.0 = Release|Any CPU
		{63FB279E-E990-429C-ADCE-6008BF8461C7}.Debug|Any CPU.ActiveCfg = Debug|Any CPU
		{63FB279E-E990-429C-ADCE-6008BF8461C7}.Debug|Any CPU.Build.0 = Debug|Any CPU
		{63FB279E-E990-429C-ADCE-6008BF8461C7}.Release|Any CPU.ActiveCfg = Release|Any CPU
		{63FB279E-E990-429C-ADCE-6008BF8461C7}.Release|Any CPU.Build.0 = Release|Any CPU
		{6BB08C2E-0B97-4A56-ACF7-195F8D35910B}.Debug|Any CPU.ActiveCfg = Debug|Any CPU
		{6BB08C2E-0B97-4A56-ACF7-195F8D35910B}.Debug|Any CPU.Build.0 = Debug|Any CPU
		{6BB08C2E-0B97-4A56-ACF7-195F8D35910B}.Release|Any CPU.ActiveCfg = Release|Any CPU
		{6BB08C2E-0B97-4A56-ACF7-195F8D35910B}.Release|Any CPU.Build.0 = Release|Any CPU
		{EBC31B27-C62A-4BE8-8662-AA48583619AD}.Debug|Any CPU.ActiveCfg = Debug|Any CPU
		{EBC31B27-C62A-4BE8-8662-AA48583619AD}.Debug|Any CPU.Build.0 = Debug|Any CPU
		{EBC31B27-C62A-4BE8-8662-AA48583619AD}.Release|Any CPU.ActiveCfg = Release|Any CPU
		{EBC31B27-C62A-4BE8-8662-AA48583619AD}.Release|Any CPU.Build.0 = Release|Any CPU
		{4527E7E7-F118-4052-B59E-D98C80175562}.Debug|Any CPU.ActiveCfg = Debug|Any CPU
		{4527E7E7-F118-4052-B59E-D98C80175562}.Debug|Any CPU.Build.0 = Debug|Any CPU
		{4527E7E7-F118-4052-B59E-D98C80175562}.Release|Any CPU.ActiveCfg = Release|Any CPU
		{4527E7E7-F118-4052-B59E-D98C80175562}.Release|Any CPU.Build.0 = Release|Any CPU
		{AFDF3691-5C6C-4303-8A35-0CFAFC7957A7}.Debug|Any CPU.ActiveCfg = Debug|Any CPU
		{AFDF3691-5C6C-4303-8A35-0CFAFC7957A7}.Debug|Any CPU.Build.0 = Debug|Any CPU
		{AFDF3691-5C6C-4303-8A35-0CFAFC7957A7}.Release|Any CPU.ActiveCfg = Release|Any CPU
		{AFDF3691-5C6C-4303-8A35-0CFAFC7957A7}.Release|Any CPU.Build.0 = Release|Any CPU
		{FEE7776B-86BE-408A-B5C3-2428F1B8B78E}.Debug|Any CPU.ActiveCfg = Debug|Any CPU
		{FEE7776B-86BE-408A-B5C3-2428F1B8B78E}.Debug|Any CPU.Build.0 = Debug|Any CPU
		{FEE7776B-86BE-408A-B5C3-2428F1B8B78E}.Release|Any CPU.ActiveCfg = Release|Any CPU
		{FEE7776B-86BE-408A-B5C3-2428F1B8B78E}.Release|Any CPU.Build.0 = Release|Any CPU
		{4E6E0B05-80FD-4755-9AE9-0C38858126AE}.Debug|Any CPU.ActiveCfg = Debug|Any CPU
		{4E6E0B05-80FD-4755-9AE9-0C38858126AE}.Debug|Any CPU.Build.0 = Debug|Any CPU
		{4E6E0B05-80FD-4755-9AE9-0C38858126AE}.Release|Any CPU.ActiveCfg = Release|Any CPU
		{4E6E0B05-80FD-4755-9AE9-0C38858126AE}.Release|Any CPU.Build.0 = Release|Any CPU
		{CFEDD181-7257-43D6-AF5E-F0997F632FC4}.Debug|Any CPU.ActiveCfg = Debug|Any CPU
		{CFEDD181-7257-43D6-AF5E-F0997F632FC4}.Debug|Any CPU.Build.0 = Debug|Any CPU
		{CFEDD181-7257-43D6-AF5E-F0997F632FC4}.Release|Any CPU.ActiveCfg = Release|Any CPU
		{CFEDD181-7257-43D6-AF5E-F0997F632FC4}.Release|Any CPU.Build.0 = Release|Any CPU
		{2FAE6766-BD00-45AA-A576-EBB717A61E21}.Debug|Any CPU.ActiveCfg = Debug|Any CPU
		{2FAE6766-BD00-45AA-A576-EBB717A61E21}.Debug|Any CPU.Build.0 = Debug|Any CPU
		{2FAE6766-BD00-45AA-A576-EBB717A61E21}.Release|Any CPU.ActiveCfg = Release|Any CPU
		{2FAE6766-BD00-45AA-A576-EBB717A61E21}.Release|Any CPU.Build.0 = Release|Any CPU
		{F4589679-9EE1-476B-9D7B-2A99D11363DE}.Debug|Any CPU.ActiveCfg = Debug|Any CPU
		{F4589679-9EE1-476B-9D7B-2A99D11363DE}.Debug|Any CPU.Build.0 = Debug|Any CPU
		{F4589679-9EE1-476B-9D7B-2A99D11363DE}.Release|Any CPU.ActiveCfg = Release|Any CPU
		{F4589679-9EE1-476B-9D7B-2A99D11363DE}.Release|Any CPU.Build.0 = Release|Any CPU
		{D975C1C0-7D26-409C-BEF9-CB708F96D40F}.Debug|Any CPU.ActiveCfg = Debug|Any CPU
		{D975C1C0-7D26-409C-BEF9-CB708F96D40F}.Debug|Any CPU.Build.0 = Debug|Any CPU
		{D975C1C0-7D26-409C-BEF9-CB708F96D40F}.Release|Any CPU.ActiveCfg = Release|Any CPU
		{D975C1C0-7D26-409C-BEF9-CB708F96D40F}.Release|Any CPU.Build.0 = Release|Any CPU
		{6A47FD89-A001-488F-B841-5F99FFF5FC1F}.Debug|Any CPU.ActiveCfg = Debug|Any CPU
		{6A47FD89-A001-488F-B841-5F99FFF5FC1F}.Debug|Any CPU.Build.0 = Debug|Any CPU
		{6A47FD89-A001-488F-B841-5F99FFF5FC1F}.Release|Any CPU.ActiveCfg = Release|Any CPU
		{6A47FD89-A001-488F-B841-5F99FFF5FC1F}.Release|Any CPU.Build.0 = Release|Any CPU
	EndGlobalSection
	GlobalSection(SolutionProperties) = preSolution
		HideSolutionNode = FALSE
	EndGlobalSection
	GlobalSection(NestedProjects) = preSolution
		{833B03E2-D843-4265-81F1-E9B0DD3DEA0F} = {CC24B6BB-6170-4338-93B3-5429F201E5E1}
		{9531E291-0DAD-4CB9-B62C-C03436EED0E0} = {833B03E2-D843-4265-81F1-E9B0DD3DEA0F}
		{DD4D505E-D5AC-45BB-9A41-9F2B55582A48} = {9531E291-0DAD-4CB9-B62C-C03436EED0E0}
		{E22CF96B-5B06-4417-9CD5-A14110D78998} = {9531E291-0DAD-4CB9-B62C-C03436EED0E0}
		{7BC6BFED-2C52-4D3D-8DFE-B0A34B8FC310} = {9531E291-0DAD-4CB9-B62C-C03436EED0E0}
		{CDBEB449-803E-4D43-8609-3C78FA4A22A5} = {833B03E2-D843-4265-81F1-E9B0DD3DEA0F}
		{D54101BF-50E4-4090-BCC2-1EC94951467F} = {CDBEB449-803E-4D43-8609-3C78FA4A22A5}
		{F1768470-61A4-45A8-8A0F-23891589D6B1} = {CDBEB449-803E-4D43-8609-3C78FA4A22A5}
		{A0B27C09-A9FF-4E94-A567-A07208A1A6F1} = {CDBEB449-803E-4D43-8609-3C78FA4A22A5}
		{2BC65B61-40E1-4734-BC59-25195FBEC633} = {833B03E2-D843-4265-81F1-E9B0DD3DEA0F}
		{E1D3CEBE-008E-4200-B9E6-92DC92F35CAB} = {2BC65B61-40E1-4734-BC59-25195FBEC633}
		{577B13A0-21B2-4972-9FB8-4ECB6300C3A2} = {833B03E2-D843-4265-81F1-E9B0DD3DEA0F}
		{A37E1201-BB5D-4323-BB09-B063320A8801} = {577B13A0-21B2-4972-9FB8-4ECB6300C3A2}
		{499EC93F-9205-4DEC-87AB-EF1EF8A2B724} = {577B13A0-21B2-4972-9FB8-4ECB6300C3A2}
		{A0378035-7EBD-4D99-A05C-EC7339728B65} = {577B13A0-21B2-4972-9FB8-4ECB6300C3A2}
		{62049E42-CA8D-4054-87DB-52ECF3F6E2BD} = {833B03E2-D843-4265-81F1-E9B0DD3DEA0F}
		{A02DFD85-50A0-4F4A-8ED2-15BCD4ABA204} = {62049E42-CA8D-4054-87DB-52ECF3F6E2BD}
		{63FB279E-E990-429C-ADCE-6008BF8461C7} = {62049E42-CA8D-4054-87DB-52ECF3F6E2BD}
		{FFD65418-6275-4792-985A-C71CEDC3EEAF} = {833B03E2-D843-4265-81F1-E9B0DD3DEA0F}
		{6BB08C2E-0B97-4A56-ACF7-195F8D35910B} = {FFD65418-6275-4792-985A-C71CEDC3EEAF}
		{9FF064A3-9E6C-4781-84B6-26BCAE865BB8} = {833B03E2-D843-4265-81F1-E9B0DD3DEA0F}
		{EBC31B27-C62A-4BE8-8662-AA48583619AD} = {9FF064A3-9E6C-4781-84B6-26BCAE865BB8}
		{C4EE46DB-8889-4672-8FD2-C2816BD7AFB7} = {CC24B6BB-6170-4338-93B3-5429F201E5E1}
		{F278ECB8-58AD-4693-9AEB-DF2836140A4C} = {833B03E2-D843-4265-81F1-E9B0DD3DEA0F}
		{4527E7E7-F118-4052-B59E-D98C80175562} = {F278ECB8-58AD-4693-9AEB-DF2836140A4C}
		{AFDF3691-5C6C-4303-8A35-0CFAFC7957A7} = {CDBEB449-803E-4D43-8609-3C78FA4A22A5}
		{50DC76B1-7C0F-48C4-9337-EE686377F549} = {CC24B6BB-6170-4338-93B3-5429F201E5E1}
		{693A1062-CDEE-4AFA-A807-4D02DB8B3B53} = {50DC76B1-7C0F-48C4-9337-EE686377F549}
		{FEE7776B-86BE-408A-B5C3-2428F1B8B78E} = {693A1062-CDEE-4AFA-A807-4D02DB8B3B53}
		{4E6E0B05-80FD-4755-9AE9-0C38858126AE} = {693A1062-CDEE-4AFA-A807-4D02DB8B3B53}
		{CFEDD181-7257-43D6-AF5E-F0997F632FC4} = {693A1062-CDEE-4AFA-A807-4D02DB8B3B53}
		{2FAE6766-BD00-45AA-A576-EBB717A61E21} = {693A1062-CDEE-4AFA-A807-4D02DB8B3B53}
		{F4589679-9EE1-476B-9D7B-2A99D11363DE} = {693A1062-CDEE-4AFA-A807-4D02DB8B3B53}
		{D975C1C0-7D26-409C-BEF9-CB708F96D40F} = {693A1062-CDEE-4AFA-A807-4D02DB8B3B53}
		{6A47FD89-A001-488F-B841-5F99FFF5FC1F} = {C4EE46DB-8889-4672-8FD2-C2816BD7AFB7}
	EndGlobalSection
	GlobalSection(ExtensibilityGlobals) = postSolution
		SolutionGuid = {7875671B-9B51-4F08-99A2-356DFFFF993C}
	EndGlobalSection
EndGlobal
