
Microsoft Visual Studio Solution File, Format Version 12.00
# Visual Studio Version 17
VisualStudioVersion = 17.0.31717.71
MinimumVisualStudioVersion = 10.0.40219.1
Project("{2150E333-8FDC-42A3-9474-1A3956D46DE8}") = "src", "src", "{CC24B6BB-6170-4338-93B3-5429F201E5E1}"
EndProject
Project("{2150E333-8FDC-42A3-9474-1A3956D46DE8}") = "Services", "Services", "{833B03E2-D843-4265-81F1-E9B0DD3DEA0F}"
EndProject
Project("{2150E333-8FDC-42A3-9474-1A3956D46DE8}") = "Account", "Account", "{9531E291-0DAD-4CB9-B62C-C03436EED0E0}"
EndProject
Project("{2150E333-8FDC-42A3-9474-1A3956D46DE8}") = "Contact", "Contact", "{CDBEB449-803E-4D43-8609-3C78FA4A22A5}"
EndProject
Project("{9A19103F-16F7-4668-BE54-9A1E7A4F7556}") = "Contact.API", "src\Services\Contact\Contact.API\Contact.API.csproj", "{D54101BF-50E4-4090-BCC2-1EC94951467F}"
EndProject
Project("{9A19103F-16F7-4668-BE54-9A1E7A4F7556}") = "Contact.FunctionalTests", "src\Services\Contact\Contact.FunctionalTests\Contact.FunctionalTests.csproj", "{F1768470-61A4-45A8-8A0F-23891589D6B1}"
EndProject
Project("{9A19103F-16F7-4668-BE54-9A1E7A4F7556}") = "Contact.UnitTests", "src\Services\Contact\Contact.UnitTests\Contact.UnitTests.csproj", "{A0B27C09-A9FF-4E94-A567-A07208A1A6F1}"
EndProject
Project("{2150E333-8FDC-42A3-9474-1A3956D46DE8}") = "Download", "Download", "{2BC65B61-40E1-4734-BC59-25195FBEC633}"
EndProject
Project("{9A19103F-16F7-4668-BE54-9A1E7A4F7556}") = "Download.API", "src\Services\Download\Download.API\Download.API.csproj", "{E1D3CEBE-008E-4200-B9E6-92DC92F35CAB}"
EndProject
Project("{2150E333-8FDC-42A3-9474-1A3956D46DE8}") = "File", "File", "{577B13A0-21B2-4972-9FB8-4ECB6300C3A2}"
EndProject
Project("{9A19103F-16F7-4668-BE54-9A1E7A4F7556}") = "File.API", "src\Services\File\File.API\File.API.csproj", "{A37E1201-BB5D-4323-BB09-B063320A8801}"
EndProject
Project("{9A19103F-16F7-4668-BE54-9A1E7A4F7556}") = "File.Domain", "src\Services\File\File.Domain\File.Domain.csproj", "{499EC93F-9205-4DEC-87AB-EF1EF8A2B724}"
EndProject
Project("{9A19103F-16F7-4668-BE54-9A1E7A4F7556}") = "File.Infrastructure", "src\Services\File\File.Infrastructure\File.Infrastructure.csproj", "{A0378035-7EBD-4D99-A05C-EC7339728B65}"
EndProject
Project("{2150E333-8FDC-42A3-9474-1A3956D46DE8}") = "Identity", "Identity", "{62049E42-CA8D-4054-87DB-52ECF3F6E2BD}"
EndProject
Project("{2150E333-8FDC-42A3-9474-1A3956D46DE8}") = "Message", "Message", "{FFD65418-6275-4792-985A-C71CEDC3EEAF}"
EndProject
Project("{9A19103F-16F7-4668-BE54-9A1E7A4F7556}") = "Message.API", "src\Services\Message\Message.API\Message.API.csproj", "{6BB08C2E-0B97-4A56-ACF7-195F8D35910B}"
EndProject
Project("{2150E333-8FDC-42A3-9474-1A3956D46DE8}") = "Upload", "Upload", "{9FF064A3-9E6C-4781-84B6-26BCAE865BB8}"
EndProject
Project("{9A19103F-16F7-4668-BE54-9A1E7A4F7556}") = "Upload.API", "src\Services\Upload\Upload.API\Upload.API.csproj", "{EBC31B27-C62A-4BE8-8662-AA48583619AD}"
EndProject
Project("{2150E333-8FDC-42A3-9474-1A3956D46DE8}") = "Solution Items", "Solution Items", "{BCC090A7-6B59-4389-ABEF-B5CDA14AEB1C}"
	ProjectSection(SolutionItems) = preProject
		docker-compose.efk.yml = docker-compose.efk.yml
		docker-compose.yml = docker-compose.yml
		NuGet.config = NuGet.config
	EndProjectSection
EndProject
Project("{2150E333-8FDC-42A3-9474-1A3956D46DE8}") = "Web", "Web", "{C4EE46DB-8889-4672-8FD2-C2816BD7AFB7}"
EndProject
Project("{2150E333-8FDC-42A3-9474-1A3956D46DE8}") = "Chat", "Chat", "{F278ECB8-58AD-4693-9AEB-DF2836140A4C}"
EndProject
Project("{9A19103F-16F7-4668-BE54-9A1E7A4F7556}") = "Chat.API", "src\Services\Chat\Chat.API\Chat.API.csproj", "{4527E7E7-F118-4052-B59E-D98C80175562}"
EndProject
Project("{9A19103F-16F7-4668-BE54-9A1E7A4F7556}") = "Contact.SignalrHub", "src\Services\Contact\Contact.SignalrHub\Contact.SignalrHub.csproj", "{AFDF3691-5C6C-4303-8A35-0CFAFC7957A7}"
EndProject
Project("{2150E333-8FDC-42A3-9474-1A3956D46DE8}") = "BuildingBlocks", "BuildingBlocks", "{50DC76B1-7C0F-48C4-9337-EE686377F549}"
EndProject
Project("{2150E333-8FDC-42A3-9474-1A3956D46DE8}") = "EventBus", "EventBus", "{693A1062-CDEE-4AFA-A807-4D02DB8B3B53}"
EndProject
Project("{9A19103F-16F7-4668-BE54-9A1E7A4F7556}") = "CommandBus", "src\BuildingBlocks\EventBus\CommandBus\CommandBus.csproj", "{FEE7776B-86BE-408A-B5C3-2428F1B8B78E}"
EndProject
Project("{9A19103F-16F7-4668-BE54-9A1E7A4F7556}") = "EventBus", "src\BuildingBlocks\EventBus\EventBus\EventBus.csproj", "{4E6E0B05-80FD-4755-9AE9-0C38858126AE}"
EndProject
Project("{9A19103F-16F7-4668-BE54-9A1E7A4F7556}") = "EventBusRabbitMQ", "src\BuildingBlocks\EventBus\EventBusRabbitMQ\EventBusRabbitMQ.csproj", "{CFEDD181-7257-43D6-AF5E-F0997F632FC4}"
EndProject
Project("{9A19103F-16F7-4668-BE54-9A1E7A4F7556}") = "EventBusServiceBus", "src\BuildingBlocks\EventBus\EventBusServiceBus\EventBusServiceBus.csproj", "{2FAE6766-BD00-45AA-A576-EBB717A61E21}"
EndProject
Project("{9A19103F-16F7-4668-BE54-9A1E7A4F7556}") = "IntegrationEventLogEF", "src\BuildingBlocks\EventBus\IntegrationEventLogEF\IntegrationEventLogEF.csproj", "{F4589679-9EE1-476B-9D7B-2A99D11363DE}"
EndProject
Project("{9A19103F-16F7-4668-BE54-9A1E7A4F7556}") = "EventBus.Tests", "src\BuildingBlocks\EventBus\EventBus.Tests\EventBus.Tests.csproj", "{D975C1C0-7D26-409C-BEF9-CB708F96D40F}"
EndProject
Project("{9A19103F-16F7-4668-BE54-9A1E7A4F7556}") = "WebMVC", "src\Web\WebMVC\WebMVC.csproj", "{6A47FD89-A001-488F-B841-5F99FFF5FC1F}"
EndProject
Project("{2150E333-8FDC-42A3-9474-1A3956D46DE8}") = "database", "database", "{C6865DBC-6BA5-427A-AA73-0D4BBA86A2A2}"
EndProject
Project("{2150E333-8FDC-42A3-9474-1A3956D46DE8}") = "api", "api", "{03B5B5F7-3F61-4B01-A100-32D0937114E6}"
EndProject
Project("{2150E333-8FDC-42A3-9474-1A3956D46DE8}") = "business", "business", "{B9923524-DCF8-43BA-B930-FD8CD1C3468B}"
EndProject
Project("{2150E333-8FDC-42A3-9474-1A3956D46DE8}") = "ui", "ui", "{73825385-6DCB-4EF9-A912-A7FFB59C79D1}"
EndProject
Project("{2150E333-8FDC-42A3-9474-1A3956D46DE8}") = "src", "src", "{B47D042E-CBF7-41ED-AC5B-17D6C964624E}"
EndProject
Project("{9A19103F-16F7-4668-BE54-9A1E7A4F7556}") = "Identity.API", "src\Services\Identity\src\api\Identity.API\Identity.API.csproj", "{024DA8CA-1773-48BF-9014-C8759F43B185}"
EndProject
Project("{9A19103F-16F7-4668-BE54-9A1E7A4F7556}") = "Identity.EntityFramework.MySql", "src\Services\Identity\src\database\Identity.EntityFramework.MySql\Identity.EntityFramework.MySql.csproj", "{27232015-EFA6-47F3-89B0-FE87E3AFED24}"
EndProject
Project("{9A19103F-16F7-4668-BE54-9A1E7A4F7556}") = "Identity.EntityFramework.Shared", "src\Services\Identity\src\database\Identity.EntityFramework.Shared\Identity.EntityFramework.Shared.csproj", "{758B100E-E197-4975-A844-BC656DD248A4}"
EndProject
Project("{9A19103F-16F7-4668-BE54-9A1E7A4F7556}") = "Identity.EntityFramework", "src\Services\Identity\src\database\Identity.EntityFramework\Identity.EntityFramework.csproj", "{19864755-200A-4BE6-B17D-CA531C55473E}"
EndProject
Project("{9A19103F-16F7-4668-BE54-9A1E7A4F7556}") = "Identity.EntityFramework.Configuration", "src\Services\Identity\src\database\Identity.EntityFramework.Configuration\Identity.EntityFramework.Configuration.csproj", "{CD933CEF-92F1-463C-B830-E103F86F0E39}"
EndProject
Project("{9A19103F-16F7-4668-BE54-9A1E7A4F7556}") = "Identity.Shared", "src\Services\Identity\src\business\Identity.Shared\Identity.Shared.csproj", "{86FDDEAF-BE95-4CDD-9FFE-E8641D5E3C30}"
EndProject
Project("{9A19103F-16F7-4668-BE54-9A1E7A4F7556}") = "Identity.BusinessLogic", "src\Services\Identity\src\business\Identity.BusinessLogic\Identity.BusinessLogic.csproj", "{87FFA880-542A-44CD-9926-97DB7C766E39}"
EndProject
Project("{9A19103F-16F7-4668-BE54-9A1E7A4F7556}") = "Identity.BusinessLogic.Shared", "src\Services\Identity\src\business\Identity.BusinessLogic.Shared\Identity.BusinessLogic.Shared.csproj", "{6D8CAEDC-34CA-407E-BA12-97E3AE8A5CDE}"
EndProject
Project("{9A19103F-16F7-4668-BE54-9A1E7A4F7556}") = "Identity.Administration.API", "src\Services\Identity\src\api\Identity.Administration.API\Identity.Administration.API.csproj", "{5B6A894B-E09B-4DA6-9302-CB80BC5912E3}"
EndProject
Project("{2150E333-8FDC-42A3-9474-1A3956D46DE8}") = "admin", "admin", "{B71C88A8-52D0-4FAE-B2AF-DE1193F9C3C4}"
EndProject
Project("{9A19103F-16F7-4668-BE54-9A1E7A4F7556}") = "Identity.Administration", "src\Services\Identity\src\admin\Identity.Administration\Identity.Administration.csproj", "{656CCF8B-35A2-4FC7-91EC-69262187A3F5}"
EndProject
Project("{9A19103F-16F7-4668-BE54-9A1E7A4F7556}") = "Identity.Shared.Configuration", "src\Services\Identity\src\business\Identity.Shared.Configuration\Identity.Shared.Configuration.csproj", "{5FCB487F-3E50-4269-8708-F73423001BC2}"
EndProject
Project("{9A19103F-16F7-4668-BE54-9A1E7A4F7556}") = "Identity.EntityFramework.SqlServer", "src\Services\Identity\src\database\Identity.EntityFramework.SqlServer\Identity.EntityFramework.SqlServer.csproj", "{2FB33CD9-C448-458B-80C1-3937C968E582}"
EndProject
Project("{9A19103F-16F7-4668-BE54-9A1E7A4F7556}") = "Identity.Administration.UI", "src\Services\Identity\src\ui\Identity.Administration.UI\Identity.Administration.UI.csproj", "{CB76ABED-E23C-41E3-B437-BFCBD410FFFE}"
EndProject
Project("{2150E333-8FDC-42A3-9474-1A3956D46DE8}") = "src", "src", "{089D0130-4B38-43C4-B352-EE28C199BBEC}"
EndProject
Project("{2150E333-8FDC-42A3-9474-1A3956D46DE8}") = "api", "api", "{99A792D8-2C31-4BF0-A992-ABCD296BDD2F}"
EndProject
Project("{2150E333-8FDC-42A3-9474-1A3956D46DE8}") = "ui", "ui", "{7A933586-52A4-4F22-9CA6-1CB8655F08DB}"
EndProject
Project("{2150E333-8FDC-42A3-9474-1A3956D46DE8}") = "test", "test", "{26DFA3A2-9975-485C-B90F-9A8D05578447}"
EndProject
Project("{2150E333-8FDC-42A3-9474-1A3956D46DE8}") = "database", "database", "{A26D2360-8C42-4E92-9CCF-A80EE89724C1}"
EndProject
Project("{9A19103F-16F7-4668-BE54-9A1E7A4F7556}") = "Account.UnitTests", "src\Services\Account\test\Account.UnitTests\Account.UnitTests.csproj", "{F3FD603B-1FF8-4F4E-A0AE-2E0F07EC039D}"
EndProject
Project("{9A19103F-16F7-4668-BE54-9A1E7A4F7556}") = "Account.FunctionalTests", "src\Services\Account\test\Account.FunctionalTests\Account.FunctionalTests.csproj", "{C6E1413D-52F2-47A4-85BE-9700FD83A5D5}"
EndProject
Project("{9A19103F-16F7-4668-BE54-9A1E7A4F7556}") = "Account.API", "src\Services\Account\src\api\Account.API\Account.API.csproj", "{8A7F486F-BE6D-4065-B4E5-266F8BABD9F6}"
EndProject
Project("{9A19103F-16F7-4668-BE54-9A1E7A4F7556}") = "Account.Administration.UI", "src\Services\Account\src\ui\Account.Administration.UI\Account.Administration.UI.csproj", "{F9C4DED3-2200-4E0F-9F8A-727AA64EAA74}"
EndProject
Project("{9A19103F-16F7-4668-BE54-9A1E7A4F7556}") = "Account.EntityFramework", "src\Services\Account\src\database\Account.EntityFramework\Account.EntityFramework.csproj", "{9AE68F94-ABEA-4A15-A483-088991A67E3A}"
EndProject
Project("{2150E333-8FDC-42A3-9474-1A3956D46DE8}") = "business", "business", "{D961F436-D0FE-4ED7-90EB-8C6EB3189225}"
EndProject
Project("{9A19103F-16F7-4668-BE54-9A1E7A4F7556}") = "Account.Shared", "src\Services\Account\src\business\Account.Shared\Account.Shared.csproj", "{6FCCF869-A25D-4319-9902-43967D2C76B2}"
EndProject
Global
	GlobalSection(SolutionConfigurationPlatforms) = preSolution
		Debug|Any CPU = Debug|Any CPU
		Release|Any CPU = Release|Any CPU
	EndGlobalSection
	GlobalSection(ProjectConfigurationPlatforms) = postSolution
		{D54101BF-50E4-4090-BCC2-1EC94951467F}.Debug|Any CPU.ActiveCfg = Debug|Any CPU
		{D54101BF-50E4-4090-BCC2-1EC94951467F}.Debug|Any CPU.Build.0 = Debug|Any CPU
		{D54101BF-50E4-4090-BCC2-1EC94951467F}.Release|Any CPU.ActiveCfg = Release|Any CPU
		{D54101BF-50E4-4090-BCC2-1EC94951467F}.Release|Any CPU.Build.0 = Release|Any CPU
		{F1768470-61A4-45A8-8A0F-23891589D6B1}.Debug|Any CPU.ActiveCfg = Debug|Any CPU
		{F1768470-61A4-45A8-8A0F-23891589D6B1}.Debug|Any CPU.Build.0 = Debug|Any CPU
		{F1768470-61A4-45A8-8A0F-23891589D6B1}.Release|Any CPU.ActiveCfg = Release|Any CPU
		{F1768470-61A4-45A8-8A0F-23891589D6B1}.Release|Any CPU.Build.0 = Release|Any CPU
		{A0B27C09-A9FF-4E94-A567-A07208A1A6F1}.Debug|Any CPU.ActiveCfg = Debug|Any CPU
		{A0B27C09-A9FF-4E94-A567-A07208A1A6F1}.Debug|Any CPU.Build.0 = Debug|Any CPU
		{A0B27C09-A9FF-4E94-A567-A07208A1A6F1}.Release|Any CPU.ActiveCfg = Release|Any CPU
		{A0B27C09-A9FF-4E94-A567-A07208A1A6F1}.Release|Any CPU.Build.0 = Release|Any CPU
		{E1D3CEBE-008E-4200-B9E6-92DC92F35CAB}.Debug|Any CPU.ActiveCfg = Debug|Any CPU
		{E1D3CEBE-008E-4200-B9E6-92DC92F35CAB}.Debug|Any CPU.Build.0 = Debug|Any CPU
		{E1D3CEBE-008E-4200-B9E6-92DC92F35CAB}.Release|Any CPU.ActiveCfg = Release|Any CPU
		{E1D3CEBE-008E-4200-B9E6-92DC92F35CAB}.Release|Any CPU.Build.0 = Release|Any CPU
		{A37E1201-BB5D-4323-BB09-B063320A8801}.Debug|Any CPU.ActiveCfg = Debug|Any CPU
		{A37E1201-BB5D-4323-BB09-B063320A8801}.Debug|Any CPU.Build.0 = Debug|Any CPU
		{A37E1201-BB5D-4323-BB09-B063320A8801}.Release|Any CPU.ActiveCfg = Release|Any CPU
		{A37E1201-BB5D-4323-BB09-B063320A8801}.Release|Any CPU.Build.0 = Release|Any CPU
		{499EC93F-9205-4DEC-87AB-EF1EF8A2B724}.Debug|Any CPU.ActiveCfg = Debug|Any CPU
		{499EC93F-9205-4DEC-87AB-EF1EF8A2B724}.Debug|Any CPU.Build.0 = Debug|Any CPU
		{499EC93F-9205-4DEC-87AB-EF1EF8A2B724}.Release|Any CPU.ActiveCfg = Release|Any CPU
		{499EC93F-9205-4DEC-87AB-EF1EF8A2B724}.Release|Any CPU.Build.0 = Release|Any CPU
		{A0378035-7EBD-4D99-A05C-EC7339728B65}.Debug|Any CPU.ActiveCfg = Debug|Any CPU
		{A0378035-7EBD-4D99-A05C-EC7339728B65}.Debug|Any CPU.Build.0 = Debug|Any CPU
		{A0378035-7EBD-4D99-A05C-EC7339728B65}.Release|Any CPU.ActiveCfg = Release|Any CPU
		{A0378035-7EBD-4D99-A05C-EC7339728B65}.Release|Any CPU.Build.0 = Release|Any CPU
		{6BB08C2E-0B97-4A56-ACF7-195F8D35910B}.Debug|Any CPU.ActiveCfg = Debug|Any CPU
		{6BB08C2E-0B97-4A56-ACF7-195F8D35910B}.Debug|Any CPU.Build.0 = Debug|Any CPU
		{6BB08C2E-0B97-4A56-ACF7-195F8D35910B}.Release|Any CPU.ActiveCfg = Release|Any CPU
		{6BB08C2E-0B97-4A56-ACF7-195F8D35910B}.Release|Any CPU.Build.0 = Release|Any CPU
		{EBC31B27-C62A-4BE8-8662-AA48583619AD}.Debug|Any CPU.ActiveCfg = Debug|Any CPU
		{EBC31B27-C62A-4BE8-8662-AA48583619AD}.Debug|Any CPU.Build.0 = Debug|Any CPU
		{EBC31B27-C62A-4BE8-8662-AA48583619AD}.Release|Any CPU.ActiveCfg = Release|Any CPU
		{EBC31B27-C62A-4BE8-8662-AA48583619AD}.Release|Any CPU.Build.0 = Release|Any CPU
		{4527E7E7-F118-4052-B59E-D98C80175562}.Debug|Any CPU.ActiveCfg = Debug|Any CPU
		{4527E7E7-F118-4052-B59E-D98C80175562}.Debug|Any CPU.Build.0 = Debug|Any CPU
		{4527E7E7-F118-4052-B59E-D98C80175562}.Release|Any CPU.ActiveCfg = Release|Any CPU
		{4527E7E7-F118-4052-B59E-D98C80175562}.Release|Any CPU.Build.0 = Release|Any CPU
		{AFDF3691-5C6C-4303-8A35-0CFAFC7957A7}.Debug|Any CPU.ActiveCfg = Debug|Any CPU
		{AFDF3691-5C6C-4303-8A35-0CFAFC7957A7}.Debug|Any CPU.Build.0 = Debug|Any CPU
		{AFDF3691-5C6C-4303-8A35-0CFAFC7957A7}.Release|Any CPU.ActiveCfg = Release|Any CPU
		{AFDF3691-5C6C-4303-8A35-0CFAFC7957A7}.Release|Any CPU.Build.0 = Release|Any CPU
		{FEE7776B-86BE-408A-B5C3-2428F1B8B78E}.Debug|Any CPU.ActiveCfg = Debug|Any CPU
		{FEE7776B-86BE-408A-B5C3-2428F1B8B78E}.Debug|Any CPU.Build.0 = Debug|Any CPU
		{FEE7776B-86BE-408A-B5C3-2428F1B8B78E}.Release|Any CPU.ActiveCfg = Release|Any CPU
		{FEE7776B-86BE-408A-B5C3-2428F1B8B78E}.Release|Any CPU.Build.0 = Release|Any CPU
		{4E6E0B05-80FD-4755-9AE9-0C38858126AE}.Debug|Any CPU.ActiveCfg = Debug|Any CPU
		{4E6E0B05-80FD-4755-9AE9-0C38858126AE}.Debug|Any CPU.Build.0 = Debug|Any CPU
		{4E6E0B05-80FD-4755-9AE9-0C38858126AE}.Release|Any CPU.ActiveCfg = Release|Any CPU
		{4E6E0B05-80FD-4755-9AE9-0C38858126AE}.Release|Any CPU.Build.0 = Release|Any CPU
		{CFEDD181-7257-43D6-AF5E-F0997F632FC4}.Debug|Any CPU.ActiveCfg = Debug|Any CPU
		{CFEDD181-7257-43D6-AF5E-F0997F632FC4}.Debug|Any CPU.Build.0 = Debug|Any CPU
		{CFEDD181-7257-43D6-AF5E-F0997F632FC4}.Release|Any CPU.ActiveCfg = Release|Any CPU
		{CFEDD181-7257-43D6-AF5E-F0997F632FC4}.Release|Any CPU.Build.0 = Release|Any CPU
		{2FAE6766-BD00-45AA-A576-EBB717A61E21}.Debug|Any CPU.ActiveCfg = Debug|Any CPU
		{2FAE6766-BD00-45AA-A576-EBB717A61E21}.Debug|Any CPU.Build.0 = Debug|Any CPU
		{2FAE6766-BD00-45AA-A576-EBB717A61E21}.Release|Any CPU.ActiveCfg = Release|Any CPU
		{2FAE6766-BD00-45AA-A576-EBB717A61E21}.Release|Any CPU.Build.0 = Release|Any CPU
		{F4589679-9EE1-476B-9D7B-2A99D11363DE}.Debug|Any CPU.ActiveCfg = Debug|Any CPU
		{F4589679-9EE1-476B-9D7B-2A99D11363DE}.Debug|Any CPU.Build.0 = Debug|Any CPU
		{F4589679-9EE1-476B-9D7B-2A99D11363DE}.Release|Any CPU.ActiveCfg = Release|Any CPU
		{F4589679-9EE1-476B-9D7B-2A99D11363DE}.Release|Any CPU.Build.0 = Release|Any CPU
		{D975C1C0-7D26-409C-BEF9-CB708F96D40F}.Debug|Any CPU.ActiveCfg = Debug|Any CPU
		{D975C1C0-7D26-409C-BEF9-CB708F96D40F}.Debug|Any CPU.Build.0 = Debug|Any CPU
		{D975C1C0-7D26-409C-BEF9-CB708F96D40F}.Release|Any CPU.ActiveCfg = Release|Any CPU
		{D975C1C0-7D26-409C-BEF9-CB708F96D40F}.Release|Any CPU.Build.0 = Release|Any CPU
		{6A47FD89-A001-488F-B841-5F99FFF5FC1F}.Debug|Any CPU.ActiveCfg = Debug|Any CPU
		{6A47FD89-A001-488F-B841-5F99FFF5FC1F}.Debug|Any CPU.Build.0 = Debug|Any CPU
		{6A47FD89-A001-488F-B841-5F99FFF5FC1F}.Release|Any CPU.ActiveCfg = Release|Any CPU
		{6A47FD89-A001-488F-B841-5F99FFF5FC1F}.Release|Any CPU.Build.0 = Release|Any CPU
		{024DA8CA-1773-48BF-9014-C8759F43B185}.Debug|Any CPU.ActiveCfg = Debug|Any CPU
		{024DA8CA-1773-48BF-9014-C8759F43B185}.Debug|Any CPU.Build.0 = Debug|Any CPU
		{024DA8CA-1773-48BF-9014-C8759F43B185}.Release|Any CPU.ActiveCfg = Release|Any CPU
		{024DA8CA-1773-48BF-9014-C8759F43B185}.Release|Any CPU.Build.0 = Release|Any CPU
		{27232015-EFA6-47F3-89B0-FE87E3AFED24}.Debug|Any CPU.ActiveCfg = Debug|Any CPU
		{27232015-EFA6-47F3-89B0-FE87E3AFED24}.Debug|Any CPU.Build.0 = Debug|Any CPU
		{27232015-EFA6-47F3-89B0-FE87E3AFED24}.Release|Any CPU.ActiveCfg = Release|Any CPU
		{27232015-EFA6-47F3-89B0-FE87E3AFED24}.Release|Any CPU.Build.0 = Release|Any CPU
		{758B100E-E197-4975-A844-BC656DD248A4}.Debug|Any CPU.ActiveCfg = Debug|Any CPU
		{758B100E-E197-4975-A844-BC656DD248A4}.Debug|Any CPU.Build.0 = Debug|Any CPU
		{758B100E-E197-4975-A844-BC656DD248A4}.Release|Any CPU.ActiveCfg = Release|Any CPU
		{758B100E-E197-4975-A844-BC656DD248A4}.Release|Any CPU.Build.0 = Release|Any CPU
		{19864755-200A-4BE6-B17D-CA531C55473E}.Debug|Any CPU.ActiveCfg = Debug|Any CPU
		{19864755-200A-4BE6-B17D-CA531C55473E}.Debug|Any CPU.Build.0 = Debug|Any CPU
		{19864755-200A-4BE6-B17D-CA531C55473E}.Release|Any CPU.ActiveCfg = Release|Any CPU
		{19864755-200A-4BE6-B17D-CA531C55473E}.Release|Any CPU.Build.0 = Release|Any CPU
		{CD933CEF-92F1-463C-B830-E103F86F0E39}.Debug|Any CPU.ActiveCfg = Debug|Any CPU
		{CD933CEF-92F1-463C-B830-E103F86F0E39}.Debug|Any CPU.Build.0 = Debug|Any CPU
		{CD933CEF-92F1-463C-B830-E103F86F0E39}.Release|Any CPU.ActiveCfg = Release|Any CPU
		{CD933CEF-92F1-463C-B830-E103F86F0E39}.Release|Any CPU.Build.0 = Release|Any CPU
		{86FDDEAF-BE95-4CDD-9FFE-E8641D5E3C30}.Debug|Any CPU.ActiveCfg = Debug|Any CPU
		{86FDDEAF-BE95-4CDD-9FFE-E8641D5E3C30}.Debug|Any CPU.Build.0 = Debug|Any CPU
		{86FDDEAF-BE95-4CDD-9FFE-E8641D5E3C30}.Release|Any CPU.ActiveCfg = Release|Any CPU
		{86FDDEAF-BE95-4CDD-9FFE-E8641D5E3C30}.Release|Any CPU.Build.0 = Release|Any CPU
		{87FFA880-542A-44CD-9926-97DB7C766E39}.Debug|Any CPU.ActiveCfg = Debug|Any CPU
		{87FFA880-542A-44CD-9926-97DB7C766E39}.Debug|Any CPU.Build.0 = Debug|Any CPU
		{87FFA880-542A-44CD-9926-97DB7C766E39}.Release|Any CPU.ActiveCfg = Release|Any CPU
		{87FFA880-542A-44CD-9926-97DB7C766E39}.Release|Any CPU.Build.0 = Release|Any CPU
		{6D8CAEDC-34CA-407E-BA12-97E3AE8A5CDE}.Debug|Any CPU.ActiveCfg = Debug|Any CPU
		{6D8CAEDC-34CA-407E-BA12-97E3AE8A5CDE}.Debug|Any CPU.Build.0 = Debug|Any CPU
		{6D8CAEDC-34CA-407E-BA12-97E3AE8A5CDE}.Release|Any CPU.ActiveCfg = Release|Any CPU
		{6D8CAEDC-34CA-407E-BA12-97E3AE8A5CDE}.Release|Any CPU.Build.0 = Release|Any CPU
		{5B6A894B-E09B-4DA6-9302-CB80BC5912E3}.Debug|Any CPU.ActiveCfg = Debug|Any CPU
		{5B6A894B-E09B-4DA6-9302-CB80BC5912E3}.Debug|Any CPU.Build.0 = Debug|Any CPU
		{5B6A894B-E09B-4DA6-9302-CB80BC5912E3}.Release|Any CPU.ActiveCfg = Release|Any CPU
		{5B6A894B-E09B-4DA6-9302-CB80BC5912E3}.Release|Any CPU.Build.0 = Release|Any CPU
		{656CCF8B-35A2-4FC7-91EC-69262187A3F5}.Debug|Any CPU.ActiveCfg = Debug|Any CPU
		{656CCF8B-35A2-4FC7-91EC-69262187A3F5}.Debug|Any CPU.Build.0 = Debug|Any CPU
		{656CCF8B-35A2-4FC7-91EC-69262187A3F5}.Release|Any CPU.ActiveCfg = Release|Any CPU
		{656CCF8B-35A2-4FC7-91EC-69262187A3F5}.Release|Any CPU.Build.0 = Release|Any CPU
		{5FCB487F-3E50-4269-8708-F73423001BC2}.Debug|Any CPU.ActiveCfg = Debug|Any CPU
		{5FCB487F-3E50-4269-8708-F73423001BC2}.Debug|Any CPU.Build.0 = Debug|Any CPU
		{5FCB487F-3E50-4269-8708-F73423001BC2}.Release|Any CPU.ActiveCfg = Release|Any CPU
		{5FCB487F-3E50-4269-8708-F73423001BC2}.Release|Any CPU.Build.0 = Release|Any CPU
		{2FB33CD9-C448-458B-80C1-3937C968E582}.Debug|Any CPU.ActiveCfg = Debug|Any CPU
		{2FB33CD9-C448-458B-80C1-3937C968E582}.Debug|Any CPU.Build.0 = Debug|Any CPU
		{2FB33CD9-C448-458B-80C1-3937C968E582}.Release|Any CPU.ActiveCfg = Release|Any CPU
		{2FB33CD9-C448-458B-80C1-3937C968E582}.Release|Any CPU.Build.0 = Release|Any CPU
		{CB76ABED-E23C-41E3-B437-BFCBD410FFFE}.Debug|Any CPU.ActiveCfg = Debug|Any CPU
		{CB76ABED-E23C-41E3-B437-BFCBD410FFFE}.Debug|Any CPU.Build.0 = Debug|Any CPU
		{CB76ABED-E23C-41E3-B437-BFCBD410FFFE}.Release|Any CPU.ActiveCfg = Release|Any CPU
		{CB76ABED-E23C-41E3-B437-BFCBD410FFFE}.Release|Any CPU.Build.0 = Release|Any CPU
		{F3FD603B-1FF8-4F4E-A0AE-2E0F07EC039D}.Debug|Any CPU.ActiveCfg = Debug|Any CPU
		{F3FD603B-1FF8-4F4E-A0AE-2E0F07EC039D}.Debug|Any CPU.Build.0 = Debug|Any CPU
		{F3FD603B-1FF8-4F4E-A0AE-2E0F07EC039D}.Release|Any CPU.ActiveCfg = Release|Any CPU
		{F3FD603B-1FF8-4F4E-A0AE-2E0F07EC039D}.Release|Any CPU.Build.0 = Release|Any CPU
		{C6E1413D-52F2-47A4-85BE-9700FD83A5D5}.Debug|Any CPU.ActiveCfg = Debug|Any CPU
		{C6E1413D-52F2-47A4-85BE-9700FD83A5D5}.Debug|Any CPU.Build.0 = Debug|Any CPU
		{C6E1413D-52F2-47A4-85BE-9700FD83A5D5}.Release|Any CPU.ActiveCfg = Release|Any CPU
		{C6E1413D-52F2-47A4-85BE-9700FD83A5D5}.Release|Any CPU.Build.0 = Release|Any CPU
		{8A7F486F-BE6D-4065-B4E5-266F8BABD9F6}.Debug|Any CPU.ActiveCfg = Debug|Any CPU
		{8A7F486F-BE6D-4065-B4E5-266F8BABD9F6}.Debug|Any CPU.Build.0 = Debug|Any CPU
		{8A7F486F-BE6D-4065-B4E5-266F8BABD9F6}.Release|Any CPU.ActiveCfg = Release|Any CPU
		{8A7F486F-BE6D-4065-B4E5-266F8BABD9F6}.Release|Any CPU.Build.0 = Release|Any CPU
		{F9C4DED3-2200-4E0F-9F8A-727AA64EAA74}.Debug|Any CPU.ActiveCfg = Debug|Any CPU
		{F9C4DED3-2200-4E0F-9F8A-727AA64EAA74}.Debug|Any CPU.Build.0 = Debug|Any CPU
		{F9C4DED3-2200-4E0F-9F8A-727AA64EAA74}.Release|Any CPU.ActiveCfg = Release|Any CPU
		{F9C4DED3-2200-4E0F-9F8A-727AA64EAA74}.Release|Any CPU.Build.0 = Release|Any CPU
		{9AE68F94-ABEA-4A15-A483-088991A67E3A}.Debug|Any CPU.ActiveCfg = Debug|Any CPU
		{9AE68F94-ABEA-4A15-A483-088991A67E3A}.Debug|Any CPU.Build.0 = Debug|Any CPU
		{9AE68F94-ABEA-4A15-A483-088991A67E3A}.Release|Any CPU.ActiveCfg = Release|Any CPU
		{9AE68F94-ABEA-4A15-A483-088991A67E3A}.Release|Any CPU.Build.0 = Release|Any CPU
		{6FCCF869-A25D-4319-9902-43967D2C76B2}.Debug|Any CPU.ActiveCfg = Debug|Any CPU
		{6FCCF869-A25D-4319-9902-43967D2C76B2}.Debug|Any CPU.Build.0 = Debug|Any CPU
		{6FCCF869-A25D-4319-9902-43967D2C76B2}.Release|Any CPU.ActiveCfg = Release|Any CPU
		{6FCCF869-A25D-4319-9902-43967D2C76B2}.Release|Any CPU.Build.0 = Release|Any CPU
	EndGlobalSection
	GlobalSection(SolutionProperties) = preSolution
		HideSolutionNode = FALSE
	EndGlobalSection
	GlobalSection(NestedProjects) = preSolution
		{833B03E2-D843-4265-81F1-E9B0DD3DEA0F} = {CC24B6BB-6170-4338-93B3-5429F201E5E1}
		{9531E291-0DAD-4CB9-B62C-C03436EED0E0} = {833B03E2-D843-4265-81F1-E9B0DD3DEA0F}
		{CDBEB449-803E-4D43-8609-3C78FA4A22A5} = {833B03E2-D843-4265-81F1-E9B0DD3DEA0F}
		{D54101BF-50E4-4090-BCC2-1EC94951467F} = {CDBEB449-803E-4D43-8609-3C78FA4A22A5}
		{F1768470-61A4-45A8-8A0F-23891589D6B1} = {CDBEB449-803E-4D43-8609-3C78FA4A22A5}
		{A0B27C09-A9FF-4E94-A567-A07208A1A6F1} = {CDBEB449-803E-4D43-8609-3C78FA4A22A5}
		{2BC65B61-40E1-4734-BC59-25195FBEC633} = {833B03E2-D843-4265-81F1-E9B0DD3DEA0F}
		{E1D3CEBE-008E-4200-B9E6-92DC92F35CAB} = {2BC65B61-40E1-4734-BC59-25195FBEC633}
		{577B13A0-21B2-4972-9FB8-4ECB6300C3A2} = {833B03E2-D843-4265-81F1-E9B0DD3DEA0F}
		{A37E1201-BB5D-4323-BB09-B063320A8801} = {577B13A0-21B2-4972-9FB8-4ECB6300C3A2}
		{499EC93F-9205-4DEC-87AB-EF1EF8A2B724} = {577B13A0-21B2-4972-9FB8-4ECB6300C3A2}
		{A0378035-7EBD-4D99-A05C-EC7339728B65} = {577B13A0-21B2-4972-9FB8-4ECB6300C3A2}
		{62049E42-CA8D-4054-87DB-52ECF3F6E2BD} = {833B03E2-D843-4265-81F1-E9B0DD3DEA0F}
		{FFD65418-6275-4792-985A-C71CEDC3EEAF} = {833B03E2-D843-4265-81F1-E9B0DD3DEA0F}
		{6BB08C2E-0B97-4A56-ACF7-195F8D35910B} = {FFD65418-6275-4792-985A-C71CEDC3EEAF}
		{9FF064A3-9E6C-4781-84B6-26BCAE865BB8} = {833B03E2-D843-4265-81F1-E9B0DD3DEA0F}
		{EBC31B27-C62A-4BE8-8662-AA48583619AD} = {9FF064A3-9E6C-4781-84B6-26BCAE865BB8}
		{C4EE46DB-8889-4672-8FD2-C2816BD7AFB7} = {CC24B6BB-6170-4338-93B3-5429F201E5E1}
		{F278ECB8-58AD-4693-9AEB-DF2836140A4C} = {833B03E2-D843-4265-81F1-E9B0DD3DEA0F}
		{4527E7E7-F118-4052-B59E-D98C80175562} = {F278ECB8-58AD-4693-9AEB-DF2836140A4C}
		{AFDF3691-5C6C-4303-8A35-0CFAFC7957A7} = {CDBEB449-803E-4D43-8609-3C78FA4A22A5}
		{50DC76B1-7C0F-48C4-9337-EE686377F549} = {CC24B6BB-6170-4338-93B3-5429F201E5E1}
		{693A1062-CDEE-4AFA-A807-4D02DB8B3B53} = {50DC76B1-7C0F-48C4-9337-EE686377F549}
		{FEE7776B-86BE-408A-B5C3-2428F1B8B78E} = {693A1062-CDEE-4AFA-A807-4D02DB8B3B53}
		{4E6E0B05-80FD-4755-9AE9-0C38858126AE} = {693A1062-CDEE-4AFA-A807-4D02DB8B3B53}
		{CFEDD181-7257-43D6-AF5E-F0997F632FC4} = {693A1062-CDEE-4AFA-A807-4D02DB8B3B53}
		{2FAE6766-BD00-45AA-A576-EBB717A61E21} = {693A1062-CDEE-4AFA-A807-4D02DB8B3B53}
		{F4589679-9EE1-476B-9D7B-2A99D11363DE} = {693A1062-CDEE-4AFA-A807-4D02DB8B3B53}
		{D975C1C0-7D26-409C-BEF9-CB708F96D40F} = {693A1062-CDEE-4AFA-A807-4D02DB8B3B53}
		{6A47FD89-A001-488F-B841-5F99FFF5FC1F} = {C4EE46DB-8889-4672-8FD2-C2816BD7AFB7}
		{C6865DBC-6BA5-427A-AA73-0D4BBA86A2A2} = {B47D042E-CBF7-41ED-AC5B-17D6C964624E}
		{03B5B5F7-3F61-4B01-A100-32D0937114E6} = {B47D042E-CBF7-41ED-AC5B-17D6C964624E}
		{B9923524-DCF8-43BA-B930-FD8CD1C3468B} = {B47D042E-CBF7-41ED-AC5B-17D6C964624E}
		{73825385-6DCB-4EF9-A912-A7FFB59C79D1} = {B47D042E-CBF7-41ED-AC5B-17D6C964624E}
		{B47D042E-CBF7-41ED-AC5B-17D6C964624E} = {62049E42-CA8D-4054-87DB-52ECF3F6E2BD}
		{024DA8CA-1773-48BF-9014-C8759F43B185} = {03B5B5F7-3F61-4B01-A100-32D0937114E6}
		{27232015-EFA6-47F3-89B0-FE87E3AFED24} = {C6865DBC-6BA5-427A-AA73-0D4BBA86A2A2}
		{758B100E-E197-4975-A844-BC656DD248A4} = {C6865DBC-6BA5-427A-AA73-0D4BBA86A2A2}
		{19864755-200A-4BE6-B17D-CA531C55473E} = {C6865DBC-6BA5-427A-AA73-0D4BBA86A2A2}
		{CD933CEF-92F1-463C-B830-E103F86F0E39} = {C6865DBC-6BA5-427A-AA73-0D4BBA86A2A2}
		{86FDDEAF-BE95-4CDD-9FFE-E8641D5E3C30} = {B9923524-DCF8-43BA-B930-FD8CD1C3468B}
		{87FFA880-542A-44CD-9926-97DB7C766E39} = {B9923524-DCF8-43BA-B930-FD8CD1C3468B}
		{6D8CAEDC-34CA-407E-BA12-97E3AE8A5CDE} = {B9923524-DCF8-43BA-B930-FD8CD1C3468B}
		{5B6A894B-E09B-4DA6-9302-CB80BC5912E3} = {03B5B5F7-3F61-4B01-A100-32D0937114E6}
		{B71C88A8-52D0-4FAE-B2AF-DE1193F9C3C4} = {B47D042E-CBF7-41ED-AC5B-17D6C964624E}
		{656CCF8B-35A2-4FC7-91EC-69262187A3F5} = {B71C88A8-52D0-4FAE-B2AF-DE1193F9C3C4}
		{5FCB487F-3E50-4269-8708-F73423001BC2} = {B9923524-DCF8-43BA-B930-FD8CD1C3468B}
		{2FB33CD9-C448-458B-80C1-3937C968E582} = {C6865DBC-6BA5-427A-AA73-0D4BBA86A2A2}
		{CB76ABED-E23C-41E3-B437-BFCBD410FFFE} = {73825385-6DCB-4EF9-A912-A7FFB59C79D1}
		{089D0130-4B38-43C4-B352-EE28C199BBEC} = {9531E291-0DAD-4CB9-B62C-C03436EED0E0}
		{99A792D8-2C31-4BF0-A992-ABCD296BDD2F} = {089D0130-4B38-43C4-B352-EE28C199BBEC}
		{7A933586-52A4-4F22-9CA6-1CB8655F08DB} = {089D0130-4B38-43C4-B352-EE28C199BBEC}
		{26DFA3A2-9975-485C-B90F-9A8D05578447} = {9531E291-0DAD-4CB9-B62C-C03436EED0E0}
		{A26D2360-8C42-4E92-9CCF-A80EE89724C1} = {089D0130-4B38-43C4-B352-EE28C199BBEC}
		{F3FD603B-1FF8-4F4E-A0AE-2E0F07EC039D} = {26DFA3A2-9975-485C-B90F-9A8D05578447}
		{C6E1413D-52F2-47A4-85BE-9700FD83A5D5} = {26DFA3A2-9975-485C-B90F-9A8D05578447}
		{8A7F486F-BE6D-4065-B4E5-266F8BABD9F6} = {99A792D8-2C31-4BF0-A992-ABCD296BDD2F}
		{F9C4DED3-2200-4E0F-9F8A-727AA64EAA74} = {7A933586-52A4-4F22-9CA6-1CB8655F08DB}
		{9AE68F94-ABEA-4A15-A483-088991A67E3A} = {A26D2360-8C42-4E92-9CCF-A80EE89724C1}
		{D961F436-D0FE-4ED7-90EB-8C6EB3189225} = {089D0130-4B38-43C4-B352-EE28C199BBEC}
		{6FCCF869-A25D-4319-9902-43967D2C76B2} = {D961F436-D0FE-4ED7-90EB-8C6EB3189225}
	EndGlobalSection
	GlobalSection(ExtensibilityGlobals) = postSolution
		SolutionGuid = {7875671B-9B51-4F08-99A2-356DFFFF993C}
	EndGlobalSection
EndGlobal
